
Microsoft Visual Studio Solution File, Format Version 12.00
# Visual Studio Version 16
VisualStudioVersion = 16.0.31112.23
MinimumVisualStudioVersion = 10.0.40219.1
Project("{9A19103F-16F7-4668-BE54-9A1E7A4F7556}") = "WebMoney.XmlInterfaces", "WebMoney.XmlInterfaces\WebMoney.XmlInterfaces.csproj", "{FB378828-1929-4C66-B519-44EC9949C0B2}"
EndProject
Project("{FAE04EC0-301F-11D3-BF4B-00C04F79EFBC}") = "WebMoney.XmlInterfaces.Sandbox", "WebMoney.XmlInterfaces.Sandbox\WebMoney.XmlInterfaces.Sandbox.csproj", "{C843A773-13DD-4EAB-9DD3-0CC8EB0E5B17}"
EndProject
Global
	GlobalSection(SolutionConfigurationPlatforms) = preSolution
		Debug|Any CPU = Debug|Any CPU
		Release|Any CPU = Release|Any CPU
	EndGlobalSection
	GlobalSection(ProjectConfigurationPlatforms) = postSolution
		{FB378828-1929-4C66-B519-44EC9949C0B2}.Debug|Any CPU.ActiveCfg = Debug|Any CPU
		{FB378828-1929-4C66-B519-44EC9949C0B2}.Debug|Any CPU.Build.0 = Debug|Any CPU
		{FB378828-1929-4C66-B519-44EC9949C0B2}.Release|Any CPU.ActiveCfg = Release|Any CPU
		{FB378828-1929-4C66-B519-44EC9949C0B2}.Release|Any CPU.Build.0 = Release|Any CPU
		{C843A773-13DD-4EAB-9DD3-0CC8EB0E5B17}.Debug|Any CPU.ActiveCfg = Debug|Any CPU
		{C843A773-13DD-4EAB-9DD3-0CC8EB0E5B17}.Debug|Any CPU.Build.0 = Debug|Any CPU
		{C843A773-13DD-4EAB-9DD3-0CC8EB0E5B17}.Release|Any CPU.ActiveCfg = Release|Any CPU
		{C843A773-13DD-4EAB-9DD3-0CC8EB0E5B17}.Release|Any CPU.Build.0 = Release|Any CPU
	EndGlobalSection
	GlobalSection(SolutionProperties) = preSolution
		HideSolutionNode = FALSE
	EndGlobalSection
	GlobalSection(ExtensibilityGlobals) = postSolution
		SolutionGuid = {31D3B64B-A7DD-42F1-9550-36FEBD8C4BBD}
	EndGlobalSection
EndGlobal
